
Microsoft Visual Studio Solution File, Format Version 12.00
# Visual Studio Version 17
Project("{2150E333-8FDC-42A3-9474-1A3956D46DE8}") = "CMakePredefinedTargets", "CMakePredefinedTargets", "{23FEA46F-A16C-3241-8FA9-631F829BF682}"
EndProject
Project("{8BC9CEB8-8B4A-11D0-8D11-00A0C91BC942}") = "ALL_BUILD", "ALL_BUILD.vcxproj", "{01D7AC84-5F95-3B1D-B82F-AEA89BDAA688}"
	ProjectSection(ProjectDependencies) = postProject
		{A163F701-AAF5-3E6E-BE19-AD3862EF5192} = {A163F701-AAF5-3E6E-BE19-AD3862EF5192}
		{8823C8FD-AC1E-3DBF-8AA8-799DF98E55DD} = {8823C8FD-AC1E-3DBF-8AA8-799DF98E55DD}
		{06759660-04E0-31C8-83A9-74654284D7BA} = {06759660-04E0-31C8-83A9-74654284D7BA}
		{6EE1904D-07A3-3688-8F03-742836E23B10} = {6EE1904D-07A3-3688-8F03-742836E23B10}
		{48FA4636-C9DD-35F1-89DC-FD7774F6B811} = {48FA4636-C9DD-35F1-89DC-FD7774F6B811}
	EndProjectSection
EndProject
Project("{8BC9CEB8-8B4A-11D0-8D11-00A0C91BC942}") = "ImGui", "ImGui.vcxproj", "{A163F701-AAF5-3E6E-BE19-AD3862EF5192}"
	ProjectSection(ProjectDependencies) = postProject
		{6EE1904D-07A3-3688-8F03-742836E23B10} = {6EE1904D-07A3-3688-8F03-742836E23B10}
	EndProjectSection
EndProject
Project("{8BC9CEB8-8B4A-11D0-8D11-00A0C91BC942}") = "SandTable", "SandTable.vcxproj", "{8823C8FD-AC1E-3DBF-8AA8-799DF98E55DD}"
	ProjectSection(ProjectDependencies) = postProject
		{A163F701-AAF5-3E6E-BE19-AD3862EF5192} = {A163F701-AAF5-3E6E-BE19-AD3862EF5192}
		{6EE1904D-07A3-3688-8F03-742836E23B10} = {6EE1904D-07A3-3688-8F03-742836E23B10}
		{48FA4636-C9DD-35F1-89DC-FD7774F6B811} = {48FA4636-C9DD-35F1-89DC-FD7774F6B811}
	EndProjectSection
EndProject
Project("{8BC9CEB8-8B4A-11D0-8D11-00A0C91BC942}") = "Sandbox", "Sandbox.vcxproj", "{06759660-04E0-31C8-83A9-74654284D7BA}"
	ProjectSection(ProjectDependencies) = postProject
		{8823C8FD-AC1E-3DBF-8AA8-799DF98E55DD} = {8823C8FD-AC1E-3DBF-8AA8-799DF98E55DD}
		{6EE1904D-07A3-3688-8F03-742836E23B10} = {6EE1904D-07A3-3688-8F03-742836E23B10}
	EndProjectSection
EndProject
Project("{8BC9CEB8-8B4A-11D0-8D11-00A0C91BC942}") = "ZERO_CHECK", "ZERO_CHECK.vcxproj", "{6EE1904D-07A3-3688-8F03-742836E23B10}"
	ProjectSection(ProjectDependencies) = postProject
	EndProjectSection
EndProject
Project("{8BC9CEB8-8B4A-11D0-8D11-00A0C91BC942}") = "glad", "glad.vcxproj", "{48FA4636-C9DD-35F1-89DC-FD7774F6B811}"
	ProjectSection(ProjectDependencies) = postProject
		{6EE1904D-07A3-3688-8F03-742836E23B10} = {6EE1904D-07A3-3688-8F03-742836E23B10}
	EndProjectSection
EndProject
Global
	GlobalSection(SolutionConfigurationPlatforms) = preSolution
		Debug|x64 = Debug|x64
		Release|x64 = Release|x64
		MinSizeRel|x64 = MinSizeRel|x64
		RelWithDebInfo|x64 = RelWithDebInfo|x64
	EndGlobalSection
	GlobalSection(ProjectConfigurationPlatforms) = postSolution
		{01D7AC84-5F95-3B1D-B82F-AEA89BDAA688}.Debug|x64.ActiveCfg = Debug|x64
		{01D7AC84-5F95-3B1D-B82F-AEA89BDAA688}.Release|x64.ActiveCfg = Release|x64
		{01D7AC84-5F95-3B1D-B82F-AEA89BDAA688}.MinSizeRel|x64.ActiveCfg = MinSizeRel|x64
		{01D7AC84-5F95-3B1D-B82F-AEA89BDAA688}.RelWithDebInfo|x64.ActiveCfg = RelWithDebInfo|x64
		{A163F701-AAF5-3E6E-BE19-AD3862EF5192}.Debug|x64.ActiveCfg = Debug|x64
		{A163F701-AAF5-3E6E-BE19-AD3862EF5192}.Debug|x64.Build.0 = Debug|x64
		{A163F701-AAF5-3E6E-BE19-AD3862EF5192}.Release|x64.ActiveCfg = Release|x64
		{A163F701-AAF5-3E6E-BE19-AD3862EF5192}.Release|x64.Build.0 = Release|x64
		{A163F701-AAF5-3E6E-BE19-AD3862EF5192}.MinSizeRel|x64.ActiveCfg = MinSizeRel|x64
		{A163F701-AAF5-3E6E-BE19-AD3862EF5192}.MinSizeRel|x64.Build.0 = MinSizeRel|x64
		{A163F701-AAF5-3E6E-BE19-AD3862EF5192}.RelWithDebInfo|x64.ActiveCfg = RelWithDebInfo|x64
		{A163F701-AAF5-3E6E-BE19-AD3862EF5192}.RelWithDebInfo|x64.Build.0 = RelWithDebInfo|x64
		{8823C8FD-AC1E-3DBF-8AA8-799DF98E55DD}.Debug|x64.ActiveCfg = Debug|x64
		{8823C8FD-AC1E-3DBF-8AA8-799DF98E55DD}.Debug|x64.Build.0 = Debug|x64
		{8823C8FD-AC1E-3DBF-8AA8-799DF98E55DD}.Release|x64.ActiveCfg = Release|x64
		{8823C8FD-AC1E-3DBF-8AA8-799DF98E55DD}.Release|x64.Build.0 = Release|x64
		{8823C8FD-AC1E-3DBF-8AA8-799DF98E55DD}.MinSizeRel|x64.ActiveCfg = MinSizeRel|x64
		{8823C8FD-AC1E-3DBF-8AA8-799DF98E55DD}.MinSizeRel|x64.Build.0 = MinSizeRel|x64
		{8823C8FD-AC1E-3DBF-8AA8-799DF98E55DD}.RelWithDebInfo|x64.ActiveCfg = RelWithDebInfo|x64
		{8823C8FD-AC1E-3DBF-8AA8-799DF98E55DD}.RelWithDebInfo|x64.Build.0 = RelWithDebInfo|x64
		{06759660-04E0-31C8-83A9-74654284D7BA}.Debug|x64.ActiveCfg = Debug|x64
		{06759660-04E0-31C8-83A9-74654284D7BA}.Debug|x64.Build.0 = Debug|x64
		{06759660-04E0-31C8-83A9-74654284D7BA}.Release|x64.ActiveCfg = Release|x64
		{06759660-04E0-31C8-83A9-74654284D7BA}.Release|x64.Build.0 = Release|x64
		{06759660-04E0-31C8-83A9-74654284D7BA}.MinSizeRel|x64.ActiveCfg = MinSizeRel|x64
		{06759660-04E0-31C8-83A9-74654284D7BA}.MinSizeRel|x64.Build.0 = MinSizeRel|x64
		{06759660-04E0-31C8-83A9-74654284D7BA}.RelWithDebInfo|x64.ActiveCfg = RelWithDebInfo|x64
		{06759660-04E0-31C8-83A9-74654284D7BA}.RelWithDebInfo|x64.Build.0 = RelWithDebInfo|x64
		{6EE1904D-07A3-3688-8F03-742836E23B10}.Debug|x64.ActiveCfg = Debug|x64
		{6EE1904D-07A3-3688-8F03-742836E23B10}.Debug|x64.Build.0 = Debug|x64
		{6EE1904D-07A3-3688-8F03-742836E23B10}.Release|x64.ActiveCfg = Release|x64
		{6EE1904D-07A3-3688-8F03-742836E23B10}.Release|x64.Build.0 = Release|x64
		{6EE1904D-07A3-3688-8F03-742836E23B10}.MinSizeRel|x64.ActiveCfg = MinSizeRel|x64
		{6EE1904D-07A3-3688-8F03-742836E23B10}.MinSizeRel|x64.Build.0 = MinSizeRel|x64
		{6EE1904D-07A3-3688-8F03-742836E23B10}.RelWithDebInfo|x64.ActiveCfg = RelWithDebInfo|x64
		{6EE1904D-07A3-3688-8F03-742836E23B10}.RelWithDebInfo|x64.Build.0 = RelWithDebInfo|x64
		{48FA4636-C9DD-35F1-89DC-FD7774F6B811}.Debug|x64.ActiveCfg = Debug|x64
		{48FA4636-C9DD-35F1-89DC-FD7774F6B811}.Debug|x64.Build.0 = Debug|x64
		{48FA4636-C9DD-35F1-89DC-FD7774F6B811}.Release|x64.ActiveCfg = Release|x64
		{48FA4636-C9DD-35F1-89DC-FD7774F6B811}.Release|x64.Build.0 = Release|x64
		{48FA4636-C9DD-35F1-89DC-FD7774F6B811}.MinSizeRel|x64.ActiveCfg = MinSizeRel|x64
		{48FA4636-C9DD-35F1-89DC-FD7774F6B811}.MinSizeRel|x64.Build.0 = MinSizeRel|x64
		{48FA4636-C9DD-35F1-89DC-FD7774F6B811}.RelWithDebInfo|x64.ActiveCfg = RelWithDebInfo|x64
		{48FA4636-C9DD-35F1-89DC-FD7774F6B811}.RelWithDebInfo|x64.Build.0 = RelWithDebInfo|x64
	EndGlobalSection
	GlobalSection(NestedProjects) = preSolution
		{01D7AC84-5F95-3B1D-B82F-AEA89BDAA688} = {23FEA46F-A16C-3241-8FA9-631F829BF682}
		{6EE1904D-07A3-3688-8F03-742836E23B10} = {23FEA46F-A16C-3241-8FA9-631F829BF682}
	EndGlobalSection
	GlobalSection(ExtensibilityGlobals) = postSolution
		SolutionGuid = {AEA41DEA-11E6-3CFE-9DE2-98F373D5382F}
	EndGlobalSection
	GlobalSection(ExtensibilityAddIns) = postSolution
	EndGlobalSection
EndGlobal
